
Microsoft Visual Studio Solution File, Format Version 12.00
# Visual Studio Version 17
VisualStudioVersion = 17.2.32526.322
MinimumVisualStudioVersion = 10.0.40219.1
Project("{9A19103F-16F7-4668-BE54-9A1E7A4F7556}") = "Shoponline.web", "Shoponline.web\Shoponline.web.csproj", "{FD36E7E0-45C8-408E-B4C6-B1059EA2F719}"
EndProject
Project("{9A19103F-16F7-4668-BE54-9A1E7A4F7556}") = "Shoponline.api", "Shoponline.api\Shoponline.api.csproj", "{7F727290-C59C-47BB-A0C1-ACA5C101FAB6}"
EndProject
Project("{9A19103F-16F7-4668-BE54-9A1E7A4F7556}") = "Shoponline.Dtos", "Shoponline.Dtos\Shoponline.Dtos.csproj", "{6250EEEF-DEDE-4B66-AF34-933369653180}"
EndProject
Global
	GlobalSection(SolutionConfigurationPlatforms) = preSolution
		Debug|Any CPU = Debug|Any CPU
		Release|Any CPU = Release|Any CPU
	EndGlobalSection
	GlobalSection(ProjectConfigurationPlatforms) = postSolution
		{FD36E7E0-45C8-408E-B4C6-B1059EA2F719}.Debug|Any CPU.ActiveCfg = Debug|Any CPU
		{FD36E7E0-45C8-408E-B4C6-B1059EA2F719}.Debug|Any CPU.Build.0 = Debug|Any CPU
		{FD36E7E0-45C8-408E-B4C6-B1059EA2F719}.Release|Any CPU.ActiveCfg = Release|Any CPU
		{FD36E7E0-45C8-408E-B4C6-B1059EA2F719}.Release|Any CPU.Build.0 = Release|Any CPU
		{7F727290-C59C-47BB-A0C1-ACA5C101FAB6}.Debug|Any CPU.ActiveCfg = Debug|Any CPU
		{7F727290-C59C-47BB-A0C1-ACA5C101FAB6}.Debug|Any CPU.Build.0 = Debug|Any CPU
		{7F727290-C59C-47BB-A0C1-ACA5C101FAB6}.Release|Any CPU.ActiveCfg = Release|Any CPU
		{7F727290-C59C-47BB-A0C1-ACA5C101FAB6}.Release|Any CPU.Build.0 = Release|Any CPU
		{6250EEEF-DEDE-4B66-AF34-933369653180}.Debug|Any CPU.ActiveCfg = Debug|Any CPU
		{6250EEEF-DEDE-4B66-AF34-933369653180}.Debug|Any CPU.Build.0 = Debug|Any CPU
		{6250EEEF-DEDE-4B66-AF34-933369653180}.Release|Any CPU.ActiveCfg = Release|Any CPU
		{6250EEEF-DEDE-4B66-AF34-933369653180}.Release|Any CPU.Build.0 = Release|Any CPU
	EndGlobalSection
	GlobalSection(SolutionProperties) = preSolution
		HideSolutionNode = FALSE
	EndGlobalSection
	GlobalSection(ExtensibilityGlobals) = postSolution
		SolutionGuid = {8437B1E2-F564-45DF-B3CE-0B50996FBFE1}
	EndGlobalSection
EndGlobal
